// !$*UTF8*$!
{
	archiveVersion = 1;
	classes = {
	};
	objectVersion = 46;
	objects = {

/* Begin PBXBuildFile section */
		18BE36001BABA81B00D7CDC7 /* main.m in Sources */ = {isa = PBXBuildFile; fileRef = 18BE35FF1BABA81B00D7CDC7 /* main.m */; };
		18BE36031BABA81B00D7CDC7 /* AppDelegate.m in Sources */ = {isa = PBXBuildFile; fileRef = 18BE36021BABA81B00D7CDC7 /* AppDelegate.m */; };
		18BE36061BABA81B00D7CDC7 /* ViewController.m in Sources */ = {isa = PBXBuildFile; fileRef = 18BE36051BABA81B00D7CDC7 /* ViewController.m */; };
		18BE36091BABA81B00D7CDC7 /* Main.storyboard in Resources */ = {isa = PBXBuildFile; fileRef = 18BE36071BABA81B00D7CDC7 /* Main.storyboard */; };
		18BE360B1BABA81B00D7CDC7 /* Assets.xcassets in Resources */ = {isa = PBXBuildFile; fileRef = 18BE360A1BABA81B00D7CDC7 /* Assets.xcassets */; };
		18BE360E1BABA81B00D7CDC7 /* LaunchScreen.storyboard in Resources */ = {isa = PBXBuildFile; fileRef = 18BE360C1BABA81B00D7CDC7 /* LaunchScreen.storyboard */; };
		18BE36191BABA81B00D7CDC7 /* weiboTests.m in Sources */ = {isa = PBXBuildFile; fileRef = 18BE36181BABA81B00D7CDC7 /* weiboTests.m */; };
		18BE36241BABA81B00D7CDC7 /* weiboUITests.m in Sources */ = {isa = PBXBuildFile; fileRef = 18BE36231BABA81B00D7CDC7 /* weiboUITests.m */; };
/* End PBXBuildFile section */

/* Begin PBXContainerItemProxy section */
		18BE36151BABA81B00D7CDC7 /* PBXContainerItemProxy */ = {
			isa = PBXContainerItemProxy;
			containerPortal = 18BE35F31BABA81B00D7CDC7 /* Project object */;
			proxyType = 1;
			remoteGlobalIDString = 18BE35FA1BABA81B00D7CDC7;
			remoteInfo = weibo;
		};
		18BE36201BABA81B00D7CDC7 /* PBXContainerItemProxy */ = {
			isa = PBXContainerItemProxy;
			containerPortal = 18BE35F31BABA81B00D7CDC7 /* Project object */;
			proxyType = 1;
			remoteGlobalIDString = 18BE35FA1BABA81B00D7CDC7;
			remoteInfo = weibo;
		};
/* End PBXContainerItemProxy section */

/* Begin PBXFileReference section */
		18BE35FB1BABA81B00D7CDC7 /* weibo.app */ = {isa = PBXFileReference; explicitFileType = wrapper.application; includeInIndex = 0; path = weibo.app; sourceTree = BUILT_PRODUCTS_DIR; };
		18BE35FF1BABA81B00D7CDC7 /* main.m */ = {isa = PBXFileReference; lastKnownFileType = sourcecode.c.objc; path = main.m; sourceTree = "<group>"; };
		18BE36011BABA81B00D7CDC7 /* AppDelegate.h */ = {isa = PBXFileReference; lastKnownFileType = sourcecode.c.h; path = AppDelegate.h; sourceTree = "<group>"; };
		18BE36021BABA81B00D7CDC7 /* AppDelegate.m */ = {isa = PBXFileReference; lastKnownFileType = sourcecode.c.objc; path = AppDelegate.m; sourceTree = "<group>"; };
		18BE36041BABA81B00D7CDC7 /* ViewController.h */ = {isa = PBXFileReference; lastKnownFileType = sourcecode.c.h; path = ViewController.h; sourceTree = "<group>"; };
		18BE36051BABA81B00D7CDC7 /* ViewController.m */ = {isa = PBXFileReference; lastKnownFileType = sourcecode.c.objc; path = ViewController.m; sourceTree = "<group>"; };
		18BE36081BABA81B00D7CDC7 /* Base */ = {isa = PBXFileReference; lastKnownFileType = file.storyboard; name = Base; path = Base.lproj/Main.storyboard; sourceTree = "<group>"; };
		18BE360A1BABA81B00D7CDC7 /* Assets.xcassets */ = {isa = PBXFileReference; lastKnownFileType = folder.assetcatalog; path = Assets.xcassets; sourceTree = "<group>"; };
		18BE360D1BABA81B00D7CDC7 /* Base */ = {isa = PBXFileReference; lastKnownFileType = file.storyboard; name = Base; path = Base.lproj/LaunchScreen.storyboard; sourceTree = "<group>"; };
		18BE360F1BABA81B00D7CDC7 /* Info.plist */ = {isa = PBXFileReference; lastKnownFileType = text.plist.xml; path = Info.plist; sourceTree = "<group>"; };
		18BE36141BABA81B00D7CDC7 /* weiboTests.xctest */ = {isa = PBXFileReference; explicitFileType = wrapper.cfbundle; includeInIndex = 0; path = weiboTests.xctest; sourceTree = BUILT_PRODUCTS_DIR; };
		18BE36181BABA81B00D7CDC7 /* weiboTests.m */ = {isa = PBXFileReference; lastKnownFileType = sourcecode.c.objc; path = weiboTests.m; sourceTree = "<group>"; };
		18BE361A1BABA81B00D7CDC7 /* Info.plist */ = {isa = PBXFileReference; lastKnownFileType = text.plist.xml; path = Info.plist; sourceTree = "<group>"; };
		18BE361F1BABA81B00D7CDC7 /* weiboUITests.xctest */ = {isa = PBXFileReference; explicitFileType = wrapper.cfbundle; includeInIndex = 0; path = weiboUITests.xctest; sourceTree = BUILT_PRODUCTS_DIR; };
		18BE36231BABA81B00D7CDC7 /* weiboUITests.m */ = {isa = PBXFileReference; lastKnownFileType = sourcecode.c.objc; path = weiboUITests.m; sourceTree = "<group>"; };
		18BE36251BABA81B00D7CDC7 /* Info.plist */ = {isa = PBXFileReference; lastKnownFileType = text.plist.xml; path = Info.plist; sourceTree = "<group>"; };
/* End PBXFileReference section */

/* Begin PBXFrameworksBuildPhase section */
		18BE35F81BABA81B00D7CDC7 /* Frameworks */ = {
			isa = PBXFrameworksBuildPhase;
			buildActionMask = 2147483647;
			files = (
			);
			runOnlyForDeploymentPostprocessing = 0;
		};
		18BE36111BABA81B00D7CDC7 /* Frameworks */ = {
			isa = PBXFrameworksBuildPhase;
			buildActionMask = 2147483647;
			files = (
			);
			runOnlyForDeploymentPostprocessing = 0;
		};
		18BE361C1BABA81B00D7CDC7 /* Frameworks */ = {
			isa = PBXFrameworksBuildPhase;
			buildActionMask = 2147483647;
			files = (
			);
			runOnlyForDeploymentPostprocessing = 0;
		};
/* End PBXFrameworksBuildPhase section */

/* Begin PBXGroup section */
		18BE35F21BABA81B00D7CDC7 = {
			isa = PBXGroup;
			children = (
				18BE35FD1BABA81B00D7CDC7 /* weibo */,
				18BE36171BABA81B00D7CDC7 /* weiboTests */,
				18BE36221BABA81B00D7CDC7 /* weiboUITests */,
				18BE35FC1BABA81B00D7CDC7 /* Products */,
			);
			sourceTree = "<group>";
		};
		18BE35FC1BABA81B00D7CDC7 /* Products */ = {
			isa = PBXGroup;
			children = (
				18BE35FB1BABA81B00D7CDC7 /* weibo.app */,
				18BE36141BABA81B00D7CDC7 /* weiboTests.xctest */,
				18BE361F1BABA81B00D7CDC7 /* weiboUITests.xctest */,
			);
			name = Products;
			sourceTree = "<group>";
		};
		18BE35FD1BABA81B00D7CDC7 /* weibo */ = {
			isa = PBXGroup;
			children = (
				18BE36011BABA81B00D7CDC7 /* AppDelegate.h */,
				18BE36021BABA81B00D7CDC7 /* AppDelegate.m */,
				18BE36041BABA81B00D7CDC7 /* ViewController.h */,
				18BE36051BABA81B00D7CDC7 /* ViewController.m */,
				18BE36071BABA81B00D7CDC7 /* Main.storyboard */,
				18BE360A1BABA81B00D7CDC7 /* Assets.xcassets */,
				18BE360C1BABA81B00D7CDC7 /* LaunchScreen.storyboard */,
				18BE360F1BABA81B00D7CDC7 /* Info.plist */,
				18BE35FE1BABA81B00D7CDC7 /* Supporting Files */,
			);
			path = weibo;
			sourceTree = "<group>";
		};
		18BE35FE1BABA81B00D7CDC7 /* Supporting Files */ = {
			isa = PBXGroup;
			children = (
				18BE35FF1BABA81B00D7CDC7 /* main.m */,
			);
			name = "Supporting Files";
			sourceTree = "<group>";
		};
		18BE36171BABA81B00D7CDC7 /* weiboTests */ = {
			isa = PBXGroup;
			children = (
				18BE36181BABA81B00D7CDC7 /* weiboTests.m */,
				18BE361A1BABA81B00D7CDC7 /* Info.plist */,
			);
			path = weiboTests;
			sourceTree = "<group>";
		};
		18BE36221BABA81B00D7CDC7 /* weiboUITests */ = {
			isa = PBXGroup;
			children = (
				18BE36231BABA81B00D7CDC7 /* weiboUITests.m */,
				18BE36251BABA81B00D7CDC7 /* Info.plist */,
			);
			path = weiboUITests;
			sourceTree = "<group>";
		};
/* End PBXGroup section */

/* Begin PBXNativeTarget section */
		18BE35FA1BABA81B00D7CDC7 /* weibo */ = {
			isa = PBXNativeTarget;
			buildConfigurationList = 18BE36281BABA81B00D7CDC7 /* Build configuration list for PBXNativeTarget "weibo" */;
			buildPhases = (
				18BE35F71BABA81B00D7CDC7 /* Sources */,
				18BE35F81BABA81B00D7CDC7 /* Frameworks */,
				18BE35F91BABA81B00D7CDC7 /* Resources */,
			);
			buildRules = (
			);
			dependencies = (
			);
			name = weibo;
			productName = weibo;
			productReference = 18BE35FB1BABA81B00D7CDC7 /* weibo.app */;
			productType = "com.apple.product-type.application";
		};
		18BE36131BABA81B00D7CDC7 /* weiboTests */ = {
			isa = PBXNativeTarget;
			buildConfigurationList = 18BE362B1BABA81B00D7CDC7 /* Build configuration list for PBXNativeTarget "weiboTests" */;
			buildPhases = (
				18BE36101BABA81B00D7CDC7 /* Sources */,
				18BE36111BABA81B00D7CDC7 /* Frameworks */,
				18BE36121BABA81B00D7CDC7 /* Resources */,
			);
			buildRules = (
			);
			dependencies = (
				18BE36161BABA81B00D7CDC7 /* PBXTargetDependency */,
			);
			name = weiboTests;
			productName = weiboTests;
			productReference = 18BE36141BABA81B00D7CDC7 /* weiboTests.xctest */;
			productType = "com.apple.product-type.bundle.unit-test";
		};
		18BE361E1BABA81B00D7CDC7 /* weiboUITests */ = {
			isa = PBXNativeTarget;
			buildConfigurationList = 18BE362E1BABA81B00D7CDC7 /* Build configuration list for PBXNativeTarget "weiboUITests" */;
			buildPhases = (
				18BE361B1BABA81B00D7CDC7 /* Sources */,
				18BE361C1BABA81B00D7CDC7 /* Frameworks */,
				18BE361D1BABA81B00D7CDC7 /* Resources */,
			);
			buildRules = (
			);
			dependencies = (
				18BE36211BABA81B00D7CDC7 /* PBXTargetDependency */,
			);
			name = weiboUITests;
			productName = weiboUITests;
			productReference = 18BE361F1BABA81B00D7CDC7 /* weiboUITests.xctest */;
			productType = "com.apple.product-type.bundle.ui-testing";
		};
/* End PBXNativeTarget section */

/* Begin PBXProject section */
		18BE35F31BABA81B00D7CDC7 /* Project object */ = {
			isa = PBXProject;
			attributes = {
				LastUpgradeCheck = 0700;
				ORGANIZATIONNAME = apple;
				TargetAttributes = {
					18BE35FA1BABA81B00D7CDC7 = {
						CreatedOnToolsVersion = 7.0;
					};
					18BE36131BABA81B00D7CDC7 = {
						CreatedOnToolsVersion = 7.0;
						TestTargetID = 18BE35FA1BABA81B00D7CDC7;
					};
					18BE361E1BABA81B00D7CDC7 = {
						CreatedOnToolsVersion = 7.0;
						TestTargetID = 18BE35FA1BABA81B00D7CDC7;
					};
				};
			};
			buildConfigurationList = 18BE35F61BABA81B00D7CDC7 /* Build configuration list for PBXProject "weibo" */;
			compatibilityVersion = "Xcode 3.2";
			developmentRegion = English;
			hasScannedForEncodings = 0;
			knownRegions = (
				en,
				Base,
			);
			mainGroup = 18BE35F21BABA81B00D7CDC7;
			productRefGroup = 18BE35FC1BABA81B00D7CDC7 /* Products */;
			projectDirPath = "";
			projectRoot = "";
			targets = (
				18BE35FA1BABA81B00D7CDC7 /* weibo */,
				18BE36131BABA81B00D7CDC7 /* weiboTests */,
				18BE361E1BABA81B00D7CDC7 /* weiboUITests */,
			);
		};
/* End PBXProject section */

/* Begin PBXResourcesBuildPhase section */
		18BE35F91BABA81B00D7CDC7 /* Resources */ = {
			isa = PBXResourcesBuildPhase;
			buildActionMask = 2147483647;
			files = (
				18BE360E1BABA81B00D7CDC7 /* LaunchScreen.storyboard in Resources */,
				18BE360B1BABA81B00D7CDC7 /* Assets.xcassets in Resources */,
				18BE36091BABA81B00D7CDC7 /* Main.storyboard in Resources */,
			);
			runOnlyForDeploymentPostprocessing = 0;
		};
		18BE36121BABA81B00D7CDC7 /* Resources */ = {
			isa = PBXResourcesBuildPhase;
			buildActionMask = 2147483647;
			files = (
			);
			runOnlyForDeploymentPostprocessing = 0;
		};
		18BE361D1BABA81B00D7CDC7 /* Resources */ = {
			isa = PBXResourcesBuildPhase;
			buildActionMask = 2147483647;
			files = (
			);
			runOnlyForDeploymentPostprocessing = 0;
		};
/* End PBXResourcesBuildPhase section */

/* Begin PBXSourcesBuildPhase section */
		18BE35F71BABA81B00D7CDC7 /* Sources */ = {
			isa = PBXSourcesBuildPhase;
			buildActionMask = 2147483647;
			files = (
				18BE36061BABA81B00D7CDC7 /* ViewController.m in Sources */,
				18BE36031BABA81B00D7CDC7 /* AppDelegate.m in Sources */,
				18BE36001BABA81B00D7CDC7 /* main.m in Sources */,
			);
			runOnlyForDeploymentPostprocessing = 0;
		};
		18BE36101BABA81B00D7CDC7 /* Sources */ = {
			isa = PBXSourcesBuildPhase;
			buildActionMask = 2147483647;
			files = (
				18BE36191BABA81B00D7CDC7 /* weiboTests.m in Sources */,
			);
			runOnlyForDeploymentPostprocessing = 0;
		};
		18BE361B1BABA81B00D7CDC7 /* Sources */ = {
			isa = PBXSourcesBuildPhase;
			buildActionMask = 2147483647;
			files = (
				18BE36241BABA81B00D7CDC7 /* weiboUITests.m in Sources */,
			);
			runOnlyForDeploymentPostprocessing = 0;
		};
/* End PBXSourcesBuildPhase section */

/* Begin PBXTargetDependency section */
		18BE36161BABA81B00D7CDC7 /* PBXTargetDependency */ = {
			isa = PBXTargetDependency;
			target = 18BE35FA1BABA81B00D7CDC7 /* weibo */;
			targetProxy = 18BE36151BABA81B00D7CDC7 /* PBXContainerItemProxy */;
		};
		18BE36211BABA81B00D7CDC7 /* PBXTargetDependency */ = {
			isa = PBXTargetDependency;
			target = 18BE35FA1BABA81B00D7CDC7 /* weibo */;
			targetProxy = 18BE36201BABA81B00D7CDC7 /* PBXContainerItemProxy */;
		};
/* End PBXTargetDependency section */

/* Begin PBXVariantGroup section */
		18BE36071BABA81B00D7CDC7 /* Main.storyboard */ = {
			isa = PBXVariantGroup;
			children = (
				18BE36081BABA81B00D7CDC7 /* Base */,
			);
			name = Main.storyboard;
			sourceTree = "<group>";
		};
		18BE360C1BABA81B00D7CDC7 /* LaunchScreen.storyboard */ = {
			isa = PBXVariantGroup;
			children = (
				18BE360D1BABA81B00D7CDC7 /* Base */,
			);
			name = LaunchScreen.storyboard;
			sourceTree = "<group>";
		};
/* End PBXVariantGroup section */

/* Begin XCBuildConfiguration section */
		18BE36261BABA81B00D7CDC7 /* Debug */ = {
			isa = XCBuildConfiguration;
			buildSettings = {
				ALWAYS_SEARCH_USER_PATHS = NO;
				CLANG_CXX_LANGUAGE_STANDARD = "gnu++0x";
				CLANG_CXX_LIBRARY = "libc++";
				CLANG_ENABLE_MODULES = YES;
				CLANG_ENABLE_OBJC_ARC = YES;
				CLANG_WARN_BOOL_CONVERSION = YES;
				CLANG_WARN_CONSTANT_CONVERSION = YES;
				CLANG_WARN_DIRECT_OBJC_ISA_USAGE = YES_ERROR;
				CLANG_WARN_EMPTY_BODY = YES;
				CLANG_WARN_ENUM_CONVERSION = YES;
				CLANG_WARN_INT_CONVERSION = YES;
				CLANG_WARN_OBJC_ROOT_CLASS = YES_ERROR;
				CLANG_WARN_UNREACHABLE_CODE = YES;
				CLANG_WARN__DUPLICATE_METHOD_MATCH = YES;
				"CODE_SIGN_IDENTITY[sdk=iphoneos*]" = "iPhone Developer";
				COPY_PHASE_STRIP = NO;
				DEBUG_INFORMATION_FORMAT = dwarf;
				ENABLE_STRICT_OBJC_MSGSEND = YES;
				ENABLE_TESTABILITY = YES;
				GCC_C_LANGUAGE_STANDARD = gnu99;
				GCC_DYNAMIC_NO_PIC = NO;
				GCC_NO_COMMON_BLOCKS = YES;
				GCC_OPTIMIZATION_LEVEL = 0;
				GCC_PREPROCESSOR_DEFINITIONS = (
					"DEBUG=1",
					"$(inherited)",
				);
				GCC_WARN_64_TO_32_BIT_CONVERSION = YES;
				GCC_WARN_ABOUT_RETURN_TYPE = YES_ERROR;
				GCC_WARN_UNDECLARED_SELECTOR = YES;
				GCC_WARN_UNINITIALIZED_AUTOS = YES_AGGRESSIVE;
				GCC_WARN_UNUSED_FUNCTION = YES;
				GCC_WARN_UNUSED_VARIABLE = YES;
				IPHONEOS_DEPLOYMENT_TARGET = 9.0;
				MTL_ENABLE_DEBUG_INFO = YES;
				ONLY_ACTIVE_ARCH = YES;
				SDKROOT = iphoneos;
				TARGETED_DEVICE_FAMILY = "1,2";
			};
			name = Debug;
		};
		18BE36271BABA81B00D7CDC7 /* Release */ = {
			isa = XCBuildConfiguration;
			buildSettings = {
				ALWAYS_SEARCH_USER_PATHS = NO;
				CLANG_CXX_LANGUAGE_STANDARD = "gnu++0x";
				CLANG_CXX_LIBRARY = "libc++";
				CLANG_ENABLE_MODULES = YES;
				CLANG_ENABLE_OBJC_ARC = YES;
				CLANG_WARN_BOOL_CONVERSION = YES;
				CLANG_WARN_CONSTANT_CONVERSION = YES;
				CLANG_WARN_DIRECT_OBJC_ISA_USAGE = YES_ERROR;
				CLANG_WARN_EMPTY_BODY = YES;
				CLANG_WARN_ENUM_CONVERSION = YES;
				CLANG_WARN_INT_CONVERSION = YES;
				CLANG_WARN_OBJC_ROOT_CLASS = YES_ERROR;
				CLANG_WARN_UNREACHABLE_CODE = YES;
				CLANG_WARN__DUPLICATE_METHOD_MATCH = YES;
				"CODE_SIGN_IDENTITY[sdk=iphoneos*]" = "iPhone Developer";
				COPY_PHASE_STRIP = NO;
				DEBUG_INFORMATION_FORMAT = "dwarf-with-dsym";
				ENABLE_NS_ASSERTIONS = NO;
				ENABLE_STRICT_OBJC_MSGSEND = YES;
				GCC_C_LANGUAGE_STANDARD = gnu99;
				GCC_NO_COMMON_BLOCKS = YES;
				GCC_WARN_64_TO_32_BIT_CONVERSION = YES;
				GCC_WARN_ABOUT_RETURN_TYPE = YES_ERROR;
				GCC_WARN_UNDECLARED_SELECTOR = YES;
				GCC_WARN_UNINITIALIZED_AUTOS = YES_AGGRESSIVE;
				GCC_WARN_UNUSED_FUNCTION = YES;
				GCC_WARN_UNUSED_VARIABLE = YES;
				IPHONEOS_DEPLOYMENT_TARGET = 9.0;
				MTL_ENABLE_DEBUG_INFO = NO;
				SDKROOT = iphoneos;
				TARGETED_DEVICE_FAMILY = "1,2";
				VALIDATE_PRODUCT = YES;
			};
			name = Release;
		};
		18BE36291BABA81B00D7CDC7 /* Debug */ = {
			isa = XCBuildConfiguration;
			buildSettings = {
				ASSETCATALOG_COMPILER_APPICON_NAME = AppIcon;
				INFOPLIST_FILE = weibo/Info.plist;
				LD_RUNPATH_SEARCH_PATHS = "$(inherited) @executable_path/Frameworks";
				PRODUCT_BUNDLE_IDENTIFIER = yht.weibo;
				PRODUCT_NAME = "$(TARGET_NAME)";
			};
			name = Debug;
		};
		18BE362A1BABA81B00D7CDC7 /* Release */ = {
			isa = XCBuildConfiguration;
			buildSettings = {
				ASSETCATALOG_COMPILER_APPICON_NAME = AppIcon;
				INFOPLIST_FILE = weibo/Info.plist;
				LD_RUNPATH_SEARCH_PATHS = "$(inherited) @executable_path/Frameworks";
				PRODUCT_BUNDLE_IDENTIFIER = yht.weibo;
				PRODUCT_NAME = "$(TARGET_NAME)";
			};
			name = Release;
		};
		18BE362C1BABA81B00D7CDC7 /* Debug */ = {
			isa = XCBuildConfiguration;
			buildSettings = {
				BUNDLE_LOADER = "$(TEST_HOST)";
				INFOPLIST_FILE = weiboTests/Info.plist;
				LD_RUNPATH_SEARCH_PATHS = "$(inherited) @executable_path/Frameworks @loader_path/Frameworks";
				PRODUCT_BUNDLE_IDENTIFIER = yht.weiboTests;
				PRODUCT_NAME = "$(TARGET_NAME)";
				TEST_HOST = "$(BUILT_PRODUCTS_DIR)/weibo.app/weibo";
			};
			name = Debug;
		};
		18BE362D1BABA81B00D7CDC7 /* Release */ = {
			isa = XCBuildConfiguration;
			buildSettings = {
				BUNDLE_LOADER = "$(TEST_HOST)";
				INFOPLIST_FILE = weiboTests/Info.plist;
				LD_RUNPATH_SEARCH_PATHS = "$(inherited) @executable_path/Frameworks @loader_path/Frameworks";
				PRODUCT_BUNDLE_IDENTIFIER = yht.weiboTests;
				PRODUCT_NAME = "$(TARGET_NAME)";
				TEST_HOST = "$(BUILT_PRODUCTS_DIR)/weibo.app/weibo";
			};
			name = Release;
		};
		18BE362F1BABA81B00D7CDC7 /* Debug */ = {
			isa = XCBuildConfiguration;
			buildSettings = {
				INFOPLIST_FILE = weiboUITests/Info.plist;
				LD_RUNPATH_SEARCH_PATHS = "$(inherited) @executable_path/Frameworks @loader_path/Frameworks";
				PRODUCT_BUNDLE_IDENTIFIER = yht.weiboUITests;
				PRODUCT_NAME = "$(TARGET_NAME)";
				TEST_TARGET_NAME = weibo;
				USES_XCTRUNNER = YES;
			};
			name = Debug;
		};
		18BE36301BABA81B00D7CDC7 /* Release */ = {
			isa = XCBuildConfiguration;
			buildSettings = {
				INFOPLIST_FILE = weiboUITests/Info.plist;
				LD_RUNPATH_SEARCH_PATHS = "$(inherited) @executable_path/Frameworks @loader_path/Frameworks";
				PRODUCT_BUNDLE_IDENTIFIER = yht.weiboUITests;
				PRODUCT_NAME = "$(TARGET_NAME)";
				TEST_TARGET_NAME = weibo;
				USES_XCTRUNNER = YES;
			};
			name = Release;
		};
/* End XCBuildConfiguration section */

/* Begin XCConfigurationList section */
		18BE35F61BABA81B00D7CDC7 /* Build configuration list for PBXProject "weibo" */ = {
			isa = XCConfigurationList;
			buildConfigurations = (
				18BE36261BABA81B00D7CDC7 /* Debug */,
				18BE36271BABA81B00D7CDC7 /* Release */,
			);
			defaultConfigurationIsVisible = 0;
			defaultConfigurationName = Release;
		};
		18BE36281BABA81B00D7CDC7 /* Build configuration list for PBXNativeTarget "weibo" */ = {
			isa = XCConfigurationList;
			buildConfigurations = (
				18BE36291BABA81B00D7CDC7 /* Debug */,
				18BE362A1BABA81B00D7CDC7 /* Release */,
			);
			defaultConfigurationIsVisible = 0;
		};
		18BE362B1BABA81B00D7CDC7 /* Build configuration list for PBXNativeTarget "weiboTests" */ = {
			isa = XCConfigurationList;
			buildConfigurations = (
				18BE362C1BABA81B00D7CDC7 /* Debug */,
				18BE362D1BABA81B00D7CDC7 /* Release */,
			);
			defaultConfigurationIsVisible = 0;
		};
		18BE362E1BABA81B00D7CDC7 /* Build configuration list for PBXNativeTarget "weiboUITests" */ = {
			isa = XCConfigurationList;
			buildConfigurations = (
				18BE362F1BABA81B00D7CDC7 /* Debug */,
				18BE36301BABA81B00D7CDC7 /* Release */,
			);
			defaultConfigurationIsVisible = 0;
		};
/* End XCConfigurationList section */
	};
	rootObject = 18BE35F31BABA81B00D7CDC7 /* Project object */;
}
